
Microsoft Visual Studio Solution File, Format Version 12.00
# Visual Studio Version 16
VisualStudioVersion = 16.0.31402.337
MinimumVisualStudioVersion = 10.0.40219.1
Project("{FAE04EC0-301F-11D3-BF4B-00C04F79EFBC}") = "ConsoleApp1", "ConsoleApp1\ConsoleApp1.csproj", "{558D6F14-0E69-4CF8-BC5E-10906301A64F}"
EndProject
Global
	GlobalSection(SolutionConfigurationPlatforms) = preSolution
		Debug|Any CPU = Debug|Any CPU
		Release|Any CPU = Release|Any CPU
	EndGlobalSection
	GlobalSection(ProjectConfigurationPlatforms) = postSolution
		{558D6F14-0E69-4CF8-BC5E-10906301A64F}.Debug|Any CPU.ActiveCfg = Debug|Any CPU
		{558D6F14-0E69-4CF8-BC5E-10906301A64F}.Debug|Any CPU.Build.0 = Debug|Any CPU
		{558D6F14-0E69-4CF8-BC5E-10906301A64F}.Release|Any CPU.ActiveCfg = Release|Any CPU
		{558D6F14-0E69-4CF8-BC5E-10906301A64F}.Release|Any CPU.Build.0 = Release|Any CPU
	EndGlobalSection
	GlobalSection(SolutionProperties) = preSolution
		HideSolutionNode = FALSE
	EndGlobalSection
	GlobalSection(ExtensibilityGlobals) = postSolution
		SolutionGuid = {0309A2DB-6D19-459F-8448-03A81691DD5A}
	EndGlobalSection
EndGlobal
